// !$*UTF8*$!
{
	archiveVersion = 1;
	classes = {
	};
	objectVersion = 56;
	objects = {

/* Begin PBXBuildFile section */
		E1BF99FB2C103DAF00F831CE /* AppDelegate.swift in Sources */ = {isa = PBXBuildFile; fileRef = E1BF99FA2C103DAF00F831CE /* AppDelegate.swift */; };
		E1BF99FD2C103DAF00F831CE /* SceneDelegate.swift in Sources */ = {isa = PBXBuildFile; fileRef = E1BF99FC2C103DAF00F831CE /* SceneDelegate.swift */; };
		E1BF99FF2C103DAF00F831CE /* ViewController.swift in Sources */ = {isa = PBXBuildFile; fileRef = E1BF99FE2C103DAF00F831CE /* ViewController.swift */; };
		E1BF9A022C103DAF00F831CE /* Base in Resources */ = {isa = PBXBuildFile; fileRef = E1BF9A012C103DAF00F831CE /* Base */; };
		E1BF9A042C103DB100F831CE /* Assets.xcassets in Resources */ = {isa = PBXBuildFile; fileRef = E1BF9A032C103DB100F831CE /* Assets.xcassets */; };
		E1BF9A072C103DB100F831CE /* Base in Resources */ = {isa = PBXBuildFile; fileRef = E1BF9A062C103DB100F831CE /* Base */; };
		E1BF9A0F2C103FF800F831CE /* SDK.swift in Sources */ = {isa = PBXBuildFile; fileRef = E1BF9A0E2C103FF800F831CE /* SDK.swift */; };
		E1BF9A112C10401000F831CE /* ContentView.swift in Sources */ = {isa = PBXBuildFile; fileRef = E1BF9A102C10401000F831CE /* ContentView.swift */; };
		E1BF9A132C10403600F831CE /* FrameworkProjectApp.swift in Sources */ = {isa = PBXBuildFile; fileRef = E1BF9A122C10403600F831CE /* FrameworkProjectApp.swift */; };
/* End PBXBuildFile section */

/* Begin PBXFileReference section */
		E1BF99F72C103DAF00F831CE /* FrameworkProject.app */ = {isa = PBXFileReference; explicitFileType = wrapper.application; includeInIndex = 0; path = FrameworkProject.app; sourceTree = BUILT_PRODUCTS_DIR; };
		E1BF99FA2C103DAF00F831CE /* AppDelegate.swift */ = {isa = PBXFileReference; lastKnownFileType = sourcecode.swift; path = AppDelegate.swift; sourceTree = "<group>"; };
		E1BF99FC2C103DAF00F831CE /* SceneDelegate.swift */ = {isa = PBXFileReference; lastKnownFileType = sourcecode.swift; path = SceneDelegate.swift; sourceTree = "<group>"; };
		E1BF99FE2C103DAF00F831CE /* ViewController.swift */ = {isa = PBXFileReference; lastKnownFileType = sourcecode.swift; path = ViewController.swift; sourceTree = "<group>"; };
		E1BF9A012C103DAF00F831CE /* Base */ = {isa = PBXFileReference; lastKnownFileType = file.storyboard; name = Base; path = Base.lproj/Main.storyboard; sourceTree = "<group>"; };
		E1BF9A032C103DB100F831CE /* Assets.xcassets */ = {isa = PBXFileReference; lastKnownFileType = folder.assetcatalog; path = Assets.xcassets; sourceTree = "<group>"; };
		E1BF9A062C103DB100F831CE /* Base */ = {isa = PBXFileReference; lastKnownFileType = file.storyboard; name = Base; path = Base.lproj/LaunchScreen.storyboard; sourceTree = "<group>"; };
		E1BF9A082C103DB100F831CE /* Info.plist */ = {isa = PBXFileReference; lastKnownFileType = text.plist.xml; path = Info.plist; sourceTree = "<group>"; };
		E1BF9A0E2C103FF800F831CE /* SDK.swift */ = {isa = PBXFileReference; lastKnownFileType = sourcecode.swift; path = SDK.swift; sourceTree = "<group>"; };
		E1BF9A102C10401000F831CE /* ContentView.swift */ = {isa = PBXFileReference; lastKnownFileType = sourcecode.swift; path = ContentView.swift; sourceTree = "<group>"; };
		E1BF9A122C10403600F831CE /* FrameworkProjectApp.swift */ = {isa = PBXFileReference; lastKnownFileType = sourcecode.swift; path = FrameworkProjectApp.swift; sourceTree = "<group>"; };
/* End PBXFileReference section */

/* Begin PBXFrameworksBuildPhase section */
		E1BF99F42C103DAF00F831CE /* Frameworks */ = {
			isa = PBXFrameworksBuildPhase;
			buildActionMask = 2147483647;
			files = (
			);
			runOnlyForDeploymentPostprocessing = 0;
		};
/* End PBXFrameworksBuildPhase section */

/* Begin PBXGroup section */
		E1BF99EE2C103DAF00F831CE = {
			isa = PBXGroup;
			children = (
				E1BF99F92C103DAF00F831CE /* FrameworkProject */,
				E1BF99F82C103DAF00F831CE /* Products */,
			);
			sourceTree = "<group>";
		};
		E1BF99F82C103DAF00F831CE /* Products */ = {
			isa = PBXGroup;
			children = (
				E1BF99F72C103DAF00F831CE /* FrameworkProject.app */,
			);
			name = Products;
			sourceTree = "<group>";
		};
		E1BF99F92C103DAF00F831CE /* FrameworkProject */ = {
			isa = PBXGroup;
			children = (
				E1BF99FA2C103DAF00F831CE /* AppDelegate.swift */,
				E1BF99FC2C103DAF00F831CE /* SceneDelegate.swift */,
				E1BF99FE2C103DAF00F831CE /* ViewController.swift */,
				E1BF9A002C103DAF00F831CE /* Main.storyboard */,
				E1BF9A032C103DB100F831CE /* Assets.xcassets */,
				E1BF9A052C103DB100F831CE /* LaunchScreen.storyboard */,
				E1BF9A082C103DB100F831CE /* Info.plist */,
				E1BF9A0E2C103FF800F831CE /* SDK.swift */,
				E1BF9A102C10401000F831CE /* ContentView.swift */,
				E1BF9A122C10403600F831CE /* FrameworkProjectApp.swift */,
			);
			path = FrameworkProject;
			sourceTree = "<group>";
		};
/* End PBXGroup section */

/* Begin PBXNativeTarget section */
		E1BF99F62C103DAF00F831CE /* FrameworkProject */ = {
			isa = PBXNativeTarget;
			buildConfigurationList = E1BF9A0B2C103DB100F831CE /* Build configuration list for PBXNativeTarget "FrameworkProject" */;
			buildPhases = (
				E1BF99F32C103DAF00F831CE /* Sources */,
				E1BF99F42C103DAF00F831CE /* Frameworks */,
				E1BF99F52C103DAF00F831CE /* Resources */,
			);
			buildRules = (
			);
			dependencies = (
			);
			name = FrameworkProject;
			productName = FrameworkProject;
			productReference = E1BF99F72C103DAF00F831CE /* FrameworkProject.app */;
			productType = "com.apple.product-type.application";
		};
/* End PBXNativeTarget section */

/* Begin PBXProject section */
		E1BF99EF2C103DAF00F831CE /* Project object */ = {
			isa = PBXProject;
			attributes = {
				BuildIndependentTargetsInParallel = 1;
				LastSwiftUpdateCheck = 1540;
				LastUpgradeCheck = 1540;
				TargetAttributes = {
					E1BF99F62C103DAF00F831CE = {
						CreatedOnToolsVersion = 15.4;
					};
				};
			};
			buildConfigurationList = E1BF99F22C103DAF00F831CE /* Build configuration list for PBXProject "FrameworkProject" */;
			compatibilityVersion = "Xcode 14.0";
			developmentRegion = en;
			hasScannedForEncodings = 0;
			knownRegions = (
				en,
				Base,
			);
			mainGroup = E1BF99EE2C103DAF00F831CE;
			packageReferences = (
			);
			productRefGroup = E1BF99F82C103DAF00F831CE /* Products */;
			projectDirPath = "";
			projectRoot = "";
			targets = (
				E1BF99F62C103DAF00F831CE /* FrameworkProject */,
			);
		};
/* End PBXProject section */

/* Begin PBXResourcesBuildPhase section */
		E1BF99F52C103DAF00F831CE /* Resources */ = {
			isa = PBXResourcesBuildPhase;
			buildActionMask = 2147483647;
			files = (
				E1BF9A042C103DB100F831CE /* Assets.xcassets in Resources */,
				E1BF9A072C103DB100F831CE /* Base in Resources */,
				E1BF9A022C103DAF00F831CE /* Base in Resources */,
			);
			runOnlyForDeploymentPostprocessing = 0;
		};
/* End PBXResourcesBuildPhase section */

/* Begin PBXSourcesBuildPhase section */
		E1BF99F32C103DAF00F831CE /* Sources */ = {
			isa = PBXSourcesBuildPhase;
			buildActionMask = 2147483647;
			files = (
				E1BF99FF2C103DAF00F831CE /* ViewController.swift in Sources */,
				E1BF9A112C10401000F831CE /* ContentView.swift in Sources */,
				E1BF9A132C10403600F831CE /* FrameworkProjectApp.swift in Sources */,
				E1BF99FB2C103DAF00F831CE /* AppDelegate.swift in Sources */,
				E1BF9A0F2C103FF800F831CE /* SDK.swift in Sources */,
				E1BF99FD2C103DAF00F831CE /* SceneDelegate.swift in Sources */,
			);
			runOnlyForDeploymentPostprocessing = 0;
		};
/* End PBXSourcesBuildPhase section */

/* Begin PBXVariantGroup section */
		E1BF9A002C103DAF00F831CE /* Main.storyboard */ = {
			isa = PBXVariantGroup;
			children = (
				E1BF9A012C103DAF00F831CE /* Base */,
			);
			name = Main.storyboard;
			sourceTree = "<group>";
		};
		E1BF9A052C103DB100F831CE /* LaunchScreen.storyboard */ = {
			isa = PBXVariantGroup;
			children = (
				E1BF9A062C103DB100F831CE /* Base */,
			);
			name = LaunchScreen.storyboard;
			sourceTree = "<group>";
		};
/* End PBXVariantGroup section */

/* Begin XCBuildConfiguration section */
		E1BF9A092C103DB100F831CE /* Debug */ = {
			isa = XCBuildConfiguration;
			buildSettings = {
				ALWAYS_SEARCH_USER_PATHS = NO;
				ASSETCATALOG_COMPILER_GENERATE_SWIFT_ASSET_SYMBOL_EXTENSIONS = YES;
				CLANG_ANALYZER_NONNULL = YES;
				CLANG_ANALYZER_NUMBER_OBJECT_CONVERSION = YES_AGGRESSIVE;
				CLANG_CXX_LANGUAGE_STANDARD = "gnu++20";
				CLANG_ENABLE_MODULES = YES;
				CLANG_ENABLE_OBJC_ARC = YES;
				CLANG_ENABLE_OBJC_WEAK = YES;
				CLANG_WARN_BLOCK_CAPTURE_AUTORELEASING = YES;
				CLANG_WARN_BOOL_CONVERSION = YES;
				CLANG_WARN_COMMA = YES;
				CLANG_WARN_CONSTANT_CONVERSION = YES;
				CLANG_WARN_DEPRECATED_OBJC_IMPLEMENTATIONS = YES;
				CLANG_WARN_DIRECT_OBJC_ISA_USAGE = YES_ERROR;
				CLANG_WARN_DOCUMENTATION_COMMENTS = YES;
				CLANG_WARN_EMPTY_BODY = YES;
				CLANG_WARN_ENUM_CONVERSION = YES;
				CLANG_WARN_INFINITE_RECURSION = YES;
				CLANG_WARN_INT_CONVERSION = YES;
				CLANG_WARN_NON_LITERAL_NULL_CONVERSION = YES;
				CLANG_WARN_OBJC_IMPLICIT_RETAIN_SELF = YES;
				CLANG_WARN_OBJC_LITERAL_CONVERSION = YES;
				CLANG_WARN_OBJC_ROOT_CLASS = YES_ERROR;
				CLANG_WARN_QUOTED_INCLUDE_IN_FRAMEWORK_HEADER = YES;
				CLANG_WARN_RANGE_LOOP_ANALYSIS = YES;
				CLANG_WARN_STRICT_PROTOTYPES = YES;
				CLANG_WARN_SUSPICIOUS_MOVE = YES;
				CLANG_WARN_UNGUARDED_AVAILABILITY = YES_AGGRESSIVE;
				CLANG_WARN_UNREACHABLE_CODE = YES;
				CLANG_WARN__DUPLICATE_METHOD_MATCH = YES;
				COPY_PHASE_STRIP = NO;
				DEBUG_INFORMATION_FORMAT = dwarf;
				ENABLE_STRICT_OBJC_MSGSEND = YES;
				ENABLE_TESTABILITY = YES;
				ENABLE_USER_SCRIPT_SANDBOXING = YES;
				GCC_C_LANGUAGE_STANDARD = gnu17;
				GCC_DYNAMIC_NO_PIC = NO;
				GCC_NO_COMMON_BLOCKS = YES;
				GCC_OPTIMIZATION_LEVEL = 0;
				GCC_PREPROCESSOR_DEFINITIONS = (
					"DEBUG=1",
					"$(inherited)",
				);
				GCC_WARN_64_TO_32_BIT_CONVERSION = YES;
				GCC_WARN_ABOUT_RETURN_TYPE = YES_ERROR;
				GCC_WARN_UNDECLARED_SELECTOR = YES;
				GCC_WARN_UNINITIALIZED_AUTOS = YES_AGGRESSIVE;
				GCC_WARN_UNUSED_FUNCTION = YES;
				GCC_WARN_UNUSED_VARIABLE = YES;
				IPHONEOS_DEPLOYMENT_TARGET = 17.5;
				LOCALIZATION_PREFERS_STRING_CATALOGS = YES;
				MTL_ENABLE_DEBUG_INFO = INCLUDE_SOURCE;
				MTL_FAST_MATH = YES;
				ONLY_ACTIVE_ARCH = YES;
				SDKROOT = iphoneos;
				SWIFT_ACTIVE_COMPILATION_CONDITIONS = "DEBUG $(inherited)";
				SWIFT_OPTIMIZATION_LEVEL = "-Onone";
			};
			name = Debug;
		};
		E1BF9A0A2C103DB100F831CE /* Release */ = {
			isa = XCBuildConfiguration;
			buildSettings = {
				ALWAYS_SEARCH_USER_PATHS = NO;
				ASSETCATALOG_COMPILER_GENERATE_SWIFT_ASSET_SYMBOL_EXTENSIONS = YES;
				CLANG_ANALYZER_NONNULL = YES;
				CLANG_ANALYZER_NUMBER_OBJECT_CONVERSION = YES_AGGRESSIVE;
				CLANG_CXX_LANGUAGE_STANDARD = "gnu++20";
				CLANG_ENABLE_MODULES = YES;
				CLANG_ENABLE_OBJC_ARC = YES;
				CLANG_ENABLE_OBJC_WEAK = YES;
				CLANG_WARN_BLOCK_CAPTURE_AUTORELEASING = YES;
				CLANG_WARN_BOOL_CONVERSION = YES;
				CLANG_WARN_COMMA = YES;
				CLANG_WARN_CONSTANT_CONVERSION = YES;
				CLANG_WARN_DEPRECATED_OBJC_IMPLEMENTATIONS = YES;
				CLANG_WARN_DIRECT_OBJC_ISA_USAGE = YES_ERROR;
				CLANG_WARN_DOCUMENTATION_COMMENTS = YES;
				CLANG_WARN_EMPTY_BODY = YES;
				CLANG_WARN_ENUM_CONVERSION = YES;
				CLANG_WARN_INFINITE_RECURSION = YES;
				CLANG_WARN_INT_CONVERSION = YES;
				CLANG_WARN_NON_LITERAL_NULL_CONVERSION = YES;
				CLANG_WARN_OBJC_IMPLICIT_RETAIN_SELF = YES;
				CLANG_WARN_OBJC_LITERAL_CONVERSION = YES;
				CLANG_WARN_OBJC_ROOT_CLASS = YES_ERROR;
				CLANG_WARN_QUOTED_INCLUDE_IN_FRAMEWORK_HEADER = YES;
				CLANG_WARN_RANGE_LOOP_ANALYSIS = YES;
				CLANG_WARN_STRICT_PROTOTYPES = YES;
				CLANG_WARN_SUSPICIOUS_MOVE = YES;
				CLANG_WARN_UNGUARDED_AVAILABILITY = YES_AGGRESSIVE;
				CLANG_WARN_UNREACHABLE_CODE = YES;
				CLANG_WARN__DUPLICATE_METHOD_MATCH = YES;
				COPY_PHASE_STRIP = NO;
				DEBUG_INFORMATION_FORMAT = "dwarf-with-dsym";
				ENABLE_NS_ASSERTIONS = NO;
				ENABLE_STRICT_OBJC_MSGSEND = YES;
				ENABLE_USER_SCRIPT_SANDBOXING = YES;
				GCC_C_LANGUAGE_STANDARD = gnu17;
				GCC_NO_COMMON_BLOCKS = YES;
				GCC_WARN_64_TO_32_BIT_CONVERSION = YES;
				GCC_WARN_ABOUT_RETURN_TYPE = YES_ERROR;
				GCC_WARN_UNDECLARED_SELECTOR = YES;
				GCC_WARN_UNINITIALIZED_AUTOS = YES_AGGRESSIVE;
				GCC_WARN_UNUSED_FUNCTION = YES;
				GCC_WARN_UNUSED_VARIABLE = YES;
				IPHONEOS_DEPLOYMENT_TARGET = 17.5;
				LOCALIZATION_PREFERS_STRING_CATALOGS = YES;
				MTL_ENABLE_DEBUG_INFO = NO;
				MTL_FAST_MATH = YES;
				SDKROOT = iphoneos;
				SWIFT_COMPILATION_MODE = wholemodule;
				VALIDATE_PRODUCT = YES;
			};
			name = Release;
		};
		E1BF9A0C2C103DB100F831CE /* Debug */ = {
			isa = XCBuildConfiguration;
			buildSettings = {
				ASSETCATALOG_COMPILER_APPICON_NAME = AppIcon;
				ASSETCATALOG_COMPILER_GLOBAL_ACCENT_COLOR_NAME = AccentColor;
				CODE_SIGN_STYLE = Automatic;
				CURRENT_PROJECT_VERSION = 1;
				DEVELOPMENT_TEAM = Y6Q6FSCN32;
				GENERATE_INFOPLIST_FILE = YES;
				INFOPLIST_FILE = FrameworkProject/Info.plist;
				INFOPLIST_KEY_UIApplicationSupportsIndirectInputEvents = YES;
				INFOPLIST_KEY_UILaunchStoryboardName = LaunchScreen;
				INFOPLIST_KEY_UIMainStoryboardFile = Main;
				INFOPLIST_KEY_UISupportedInterfaceOrientations_iPad = "UIInterfaceOrientationPortrait UIInterfaceOrientationPortraitUpsideDown UIInterfaceOrientationLandscapeLeft UIInterfaceOrientationLandscapeRight";
				INFOPLIST_KEY_UISupportedInterfaceOrientations_iPhone = "UIInterfaceOrientationPortrait UIInterfaceOrientationLandscapeLeft UIInterfaceOrientationLandscapeRight";
				LD_RUNPATH_SEARCH_PATHS = (
					"$(inherited)",
					"@executable_path/Frameworks",
				);
				MARKETING_VERSION = 1.0;
				PRODUCT_BUNDLE_IDENTIFIER = com.hkboyraz.FrameworkProject;
				PRODUCT_NAME = "$(TARGET_NAME)";
				SWIFT_EMIT_LOC_STRINGS = YES;
				SWIFT_VERSION = 5.0;
				TARGETED_DEVICE_FAMILY = "1,2";
			};
			name = Debug;
		};
		E1BF9A0D2C103DB100F831CE /* Release */ = {
			isa = XCBuildConfiguration;
			buildSettings = {
				ASSETCATALOG_COMPILER_APPICON_NAME = AppIcon;
				ASSETCATALOG_COMPILER_GLOBAL_ACCENT_COLOR_NAME = AccentColor;
				CODE_SIGN_STYLE = Automatic;
				CURRENT_PROJECT_VERSION = 1;
				DEVELOPMENT_TEAM = Y6Q6FSCN32;
				GENERATE_INFOPLIST_FILE = YES;
				INFOPLIST_FILE = FrameworkProject/Info.plist;
				INFOPLIST_KEY_UIApplicationSupportsIndirectInputEvents = YES;
				INFOPLIST_KEY_UILaunchStoryboardName = LaunchScreen;
				INFOPLIST_KEY_UIMainStoryboardFile = Main;
				INFOPLIST_KEY_UISupportedInterfaceOrientations_iPad = "UIInterfaceOrientationPortrait UIInterfaceOrientationPortraitUpsideDown UIInterfaceOrientationLandscapeLeft UIInterfaceOrientationLandscapeRight";
				INFOPLIST_KEY_UISupportedInterfaceOrientations_iPhone = "UIInterfaceOrientationPortrait UIInterfaceOrientationLandscapeLeft UIInterfaceOrientationLandscapeRight";
				LD_RUNPATH_SEARCH_PATHS = (
					"$(inherited)",
					"@executable_path/Frameworks",
				);
				MARKETING_VERSION = 1.0;
				PRODUCT_BUNDLE_IDENTIFIER = com.hkboyraz.FrameworkProject;
				PRODUCT_NAME = "$(TARGET_NAME)";
				SWIFT_EMIT_LOC_STRINGS = YES;
				SWIFT_VERSION = 5.0;
				TARGETED_DEVICE_FAMILY = "1,2";
			};
			name = Release;
		};
/* End XCBuildConfiguration section */

/* Begin XCConfigurationList section */
		E1BF99F22C103DAF00F831CE /* Build configuration list for PBXProject "FrameworkProject" */ = {
			isa = XCConfigurationList;
			buildConfigurations = (
				E1BF9A092C103DB100F831CE /* Debug */,
				E1BF9A0A2C103DB100F831CE /* Release */,
			);
			defaultConfigurationIsVisible = 0;
			defaultConfigurationName = Release;
		};
		E1BF9A0B2C103DB100F831CE /* Build configuration list for PBXNativeTarget "FrameworkProject" */ = {
			isa = XCConfigurationList;
			buildConfigurations = (
				E1BF9A0C2C103DB100F831CE /* Debug */,
				E1BF9A0D2C103DB100F831CE /* Release */,
			);
			defaultConfigurationIsVisible = 0;
			defaultConfigurationName = Release;
		};
/* End XCConfigurationList section */
	};
	rootObject = E1BF99EF2C103DAF00F831CE /* Project object */;
}
